// !$*UTF8*$!
{
	archiveVersion = 1;
	classes = {
	};
	objectVersion = 56;
	objects = {

/* Begin PBXBuildFile section */
		22662A5A2B9A49AE00869B65 /* AppDelegate.swift in Sources */ = {isa = PBXBuildFile; fileRef = 22662A592B9A49AE00869B65 /* AppDelegate.swift */; };
		22662A5C2B9A49AE00869B65 /* SceneDelegate.swift in Sources */ = {isa = PBXBuildFile; fileRef = 22662A5B2B9A49AE00869B65 /* SceneDelegate.swift */; };
		22662A5E2B9A49AE00869B65 /* ViewController.swift in Sources */ = {isa = PBXBuildFile; fileRef = 22662A5D2B9A49AE00869B65 /* ViewController.swift */; };
		22662A612B9A49AE00869B65 /* Main.storyboard in Resources */ = {isa = PBXBuildFile; fileRef = 22662A5F2B9A49AE00869B65 /* Main.storyboard */; };
		22662A632B9A49AF00869B65 /* Assets.xcassets in Resources */ = {isa = PBXBuildFile; fileRef = 22662A622B9A49AF00869B65 /* Assets.xcassets */; };
		22662A662B9A49AF00869B65 /* LaunchScreen.storyboard in Resources */ = {isa = PBXBuildFile; fileRef = 22662A642B9A49AF00869B65 /* LaunchScreen.storyboard */; };
		22662A712B9A49AF00869B65 /* saveToTextFileTests.swift in Sources */ = {isa = PBXBuildFile; fileRef = 22662A702B9A49AF00869B65 /* saveToTextFileTests.swift */; };
		22662A7B2B9A49AF00869B65 /* saveToTextFileUITests.swift in Sources */ = {isa = PBXBuildFile; fileRef = 22662A7A2B9A49AF00869B65 /* saveToTextFileUITests.swift */; };
		22662A7D2B9A49AF00869B65 /* saveToTextFileUITestsLaunchTests.swift in Sources */ = {isa = PBXBuildFile; fileRef = 22662A7C2B9A49AF00869B65 /* saveToTextFileUITestsLaunchTests.swift */; };
/* End PBXBuildFile section */

/* Begin PBXContainerItemProxy section */
		22662A6D2B9A49AF00869B65 /* PBXContainerItemProxy */ = {
			isa = PBXContainerItemProxy;
			containerPortal = 22662A4E2B9A49AE00869B65 /* Project object */;
			proxyType = 1;
			remoteGlobalIDString = 22662A552B9A49AE00869B65;
			remoteInfo = saveToTextFile;
		};
		22662A772B9A49AF00869B65 /* PBXContainerItemProxy */ = {
			isa = PBXContainerItemProxy;
			containerPortal = 22662A4E2B9A49AE00869B65 /* Project object */;
			proxyType = 1;
			remoteGlobalIDString = 22662A552B9A49AE00869B65;
			remoteInfo = saveToTextFile;
		};
/* End PBXContainerItemProxy section */

/* Begin PBXFileReference section */
		22662A562B9A49AE00869B65 /* saveToTextFile.app */ = {isa = PBXFileReference; explicitFileType = wrapper.application; includeInIndex = 0; path = saveToTextFile.app; sourceTree = BUILT_PRODUCTS_DIR; };
		22662A592B9A49AE00869B65 /* AppDelegate.swift */ = {isa = PBXFileReference; lastKnownFileType = sourcecode.swift; path = AppDelegate.swift; sourceTree = "<group>"; };
		22662A5B2B9A49AE00869B65 /* SceneDelegate.swift */ = {isa = PBXFileReference; lastKnownFileType = sourcecode.swift; path = SceneDelegate.swift; sourceTree = "<group>"; };
		22662A5D2B9A49AE00869B65 /* ViewController.swift */ = {isa = PBXFileReference; lastKnownFileType = sourcecode.swift; path = ViewController.swift; sourceTree = "<group>"; };
		22662A602B9A49AE00869B65 /* Base */ = {isa = PBXFileReference; lastKnownFileType = file.storyboard; name = Base; path = Base.lproj/Main.storyboard; sourceTree = "<group>"; };
		22662A622B9A49AF00869B65 /* Assets.xcassets */ = {isa = PBXFileReference; lastKnownFileType = folder.assetcatalog; path = Assets.xcassets; sourceTree = "<group>"; };
		22662A652B9A49AF00869B65 /* Base */ = {isa = PBXFileReference; lastKnownFileType = file.storyboard; name = Base; path = Base.lproj/LaunchScreen.storyboard; sourceTree = "<group>"; };
		22662A672B9A49AF00869B65 /* Info.plist */ = {isa = PBXFileReference; lastKnownFileType = text.plist.xml; path = Info.plist; sourceTree = "<group>"; };
		22662A6C2B9A49AF00869B65 /* saveToTextFileTests.xctest */ = {isa = PBXFileReference; explicitFileType = wrapper.cfbundle; includeInIndex = 0; path = saveToTextFileTests.xctest; sourceTree = BUILT_PRODUCTS_DIR; };
		22662A702B9A49AF00869B65 /* saveToTextFileTests.swift */ = {isa = PBXFileReference; lastKnownFileType = sourcecode.swift; path = saveToTextFileTests.swift; sourceTree = "<group>"; };
		22662A762B9A49AF00869B65 /* saveToTextFileUITests.xctest */ = {isa = PBXFileReference; explicitFileType = wrapper.cfbundle; includeInIndex = 0; path = saveToTextFileUITests.xctest; sourceTree = BUILT_PRODUCTS_DIR; };
		22662A7A2B9A49AF00869B65 /* saveToTextFileUITests.swift */ = {isa = PBXFileReference; lastKnownFileType = sourcecode.swift; path = saveToTextFileUITests.swift; sourceTree = "<group>"; };
		22662A7C2B9A49AF00869B65 /* saveToTextFileUITestsLaunchTests.swift */ = {isa = PBXFileReference; lastKnownFileType = sourcecode.swift; path = saveToTextFileUITestsLaunchTests.swift; sourceTree = "<group>"; };
/* End PBXFileReference section */

/* Begin PBXFrameworksBuildPhase section */
		22662A532B9A49AE00869B65 /* Frameworks */ = {
			isa = PBXFrameworksBuildPhase;
			buildActionMask = 2147483647;
			files = (
			);
			runOnlyForDeploymentPostprocessing = 0;
		};
		22662A692B9A49AF00869B65 /* Frameworks */ = {
			isa = PBXFrameworksBuildPhase;
			buildActionMask = 2147483647;
			files = (
			);
			runOnlyForDeploymentPostprocessing = 0;
		};
		22662A732B9A49AF00869B65 /* Frameworks */ = {
			isa = PBXFrameworksBuildPhase;
			buildActionMask = 2147483647;
			files = (
			);
			runOnlyForDeploymentPostprocessing = 0;
		};
/* End PBXFrameworksBuildPhase section */

/* Begin PBXGroup section */
		22662A4D2B9A49AE00869B65 = {
			isa = PBXGroup;
			children = (
				22662A582B9A49AE00869B65 /* saveToTextFile */,
				22662A6F2B9A49AF00869B65 /* saveToTextFileTests */,
				22662A792B9A49AF00869B65 /* saveToTextFileUITests */,
				22662A572B9A49AE00869B65 /* Products */,
			);
			sourceTree = "<group>";
		};
		22662A572B9A49AE00869B65 /* Products */ = {
			isa = PBXGroup;
			children = (
				22662A562B9A49AE00869B65 /* saveToTextFile.app */,
				22662A6C2B9A49AF00869B65 /* saveToTextFileTests.xctest */,
				22662A762B9A49AF00869B65 /* saveToTextFileUITests.xctest */,
			);
			name = Products;
			sourceTree = "<group>";
		};
		22662A582B9A49AE00869B65 /* saveToTextFile */ = {
			isa = PBXGroup;
			children = (
				22662A592B9A49AE00869B65 /* AppDelegate.swift */,
				22662A5B2B9A49AE00869B65 /* SceneDelegate.swift */,
				22662A5D2B9A49AE00869B65 /* ViewController.swift */,
				22662A5F2B9A49AE00869B65 /* Main.storyboard */,
				22662A622B9A49AF00869B65 /* Assets.xcassets */,
				22662A642B9A49AF00869B65 /* LaunchScreen.storyboard */,
				22662A672B9A49AF00869B65 /* Info.plist */,
			);
			path = saveToTextFile;
			sourceTree = "<group>";
		};
		22662A6F2B9A49AF00869B65 /* saveToTextFileTests */ = {
			isa = PBXGroup;
			children = (
				22662A702B9A49AF00869B65 /* saveToTextFileTests.swift */,
			);
			path = saveToTextFileTests;
			sourceTree = "<group>";
		};
		22662A792B9A49AF00869B65 /* saveToTextFileUITests */ = {
			isa = PBXGroup;
			children = (
				22662A7A2B9A49AF00869B65 /* saveToTextFileUITests.swift */,
				22662A7C2B9A49AF00869B65 /* saveToTextFileUITestsLaunchTests.swift */,
			);
			path = saveToTextFileUITests;
			sourceTree = "<group>";
		};
/* End PBXGroup section */

/* Begin PBXNativeTarget section */
		22662A552B9A49AE00869B65 /* saveToTextFile */ = {
			isa = PBXNativeTarget;
			buildConfigurationList = 22662A802B9A49AF00869B65 /* Build configuration list for PBXNativeTarget "saveToTextFile" */;
			buildPhases = (
				22662A522B9A49AE00869B65 /* Sources */,
				22662A532B9A49AE00869B65 /* Frameworks */,
				22662A542B9A49AE00869B65 /* Resources */,
			);
			buildRules = (
			);
			dependencies = (
			);
			name = saveToTextFile;
			productName = saveToTextFile;
			productReference = 22662A562B9A49AE00869B65 /* saveToTextFile.app */;
			productType = "com.apple.product-type.application";
		};
		22662A6B2B9A49AF00869B65 /* saveToTextFileTests */ = {
			isa = PBXNativeTarget;
			buildConfigurationList = 22662A832B9A49AF00869B65 /* Build configuration list for PBXNativeTarget "saveToTextFileTests" */;
			buildPhases = (
				22662A682B9A49AF00869B65 /* Sources */,
				22662A692B9A49AF00869B65 /* Frameworks */,
				22662A6A2B9A49AF00869B65 /* Resources */,
			);
			buildRules = (
			);
			dependencies = (
				22662A6E2B9A49AF00869B65 /* PBXTargetDependency */,
			);
			name = saveToTextFileTests;
			productName = saveToTextFileTests;
			productReference = 22662A6C2B9A49AF00869B65 /* saveToTextFileTests.xctest */;
			productType = "com.apple.product-type.bundle.unit-test";
		};
		22662A752B9A49AF00869B65 /* saveToTextFileUITests */ = {
			isa = PBXNativeTarget;
			buildConfigurationList = 22662A862B9A49AF00869B65 /* Build configuration list for PBXNativeTarget "saveToTextFileUITests" */;
			buildPhases = (
				22662A722B9A49AF00869B65 /* Sources */,
				22662A732B9A49AF00869B65 /* Frameworks */,
				22662A742B9A49AF00869B65 /* Resources */,
			);
			buildRules = (
			);
			dependencies = (
				22662A782B9A49AF00869B65 /* PBXTargetDependency */,
			);
			name = saveToTextFileUITests;
			productName = saveToTextFileUITests;
			productReference = 22662A762B9A49AF00869B65 /* saveToTextFileUITests.xctest */;
			productType = "com.apple.product-type.bundle.ui-testing";
		};
/* End PBXNativeTarget section */

/* Begin PBXProject section */
		22662A4E2B9A49AE00869B65 /* Project object */ = {
			isa = PBXProject;
			attributes = {
				BuildIndependentTargetsInParallel = 1;
				LastSwiftUpdateCheck = 1520;
				LastUpgradeCheck = 1520;
				TargetAttributes = {
					22662A552B9A49AE00869B65 = {
						CreatedOnToolsVersion = 15.2;
					};
					22662A6B2B9A49AF00869B65 = {
						CreatedOnToolsVersion = 15.2;
						TestTargetID = 22662A552B9A49AE00869B65;
					};
					22662A752B9A49AF00869B65 = {
						CreatedOnToolsVersion = 15.2;
						TestTargetID = 22662A552B9A49AE00869B65;
					};
				};
			};
			buildConfigurationList = 22662A512B9A49AE00869B65 /* Build configuration list for PBXProject "saveToTextFile" */;
			compatibilityVersion = "Xcode 14.0";
			developmentRegion = en;
			hasScannedForEncodings = 0;
			knownRegions = (
				en,
				Base,
			);
			mainGroup = 22662A4D2B9A49AE00869B65;
			productRefGroup = 22662A572B9A49AE00869B65 /* Products */;
			projectDirPath = "";
			projectRoot = "";
			targets = (
				22662A552B9A49AE00869B65 /* saveToTextFile */,
				22662A6B2B9A49AF00869B65 /* saveToTextFileTests */,
				22662A752B9A49AF00869B65 /* saveToTextFileUITests */,
			);
		};
/* End PBXProject section */

/* Begin PBXResourcesBuildPhase section */
		22662A542B9A49AE00869B65 /* Resources */ = {
			isa = PBXResourcesBuildPhase;
			buildActionMask = 2147483647;
			files = (
				22662A662B9A49AF00869B65 /* LaunchScreen.storyboard in Resources */,
				22662A632B9A49AF00869B65 /* Assets.xcassets in Resources */,
				22662A612B9A49AE00869B65 /* Main.storyboard in Resources */,
			);
			runOnlyForDeploymentPostprocessing = 0;
		};
		22662A6A2B9A49AF00869B65 /* Resources */ = {
			isa = PBXResourcesBuildPhase;
			buildActionMask = 2147483647;
			files = (
			);
			runOnlyForDeploymentPostprocessing = 0;
		};
		22662A742B9A49AF00869B65 /* Resources */ = {
			isa = PBXResourcesBuildPhase;
			buildActionMask = 2147483647;
			files = (
			);
			runOnlyForDeploymentPostprocessing = 0;
		};
/* End PBXResourcesBuildPhase section */

/* Begin PBXSourcesBuildPhase section */
		22662A522B9A49AE00869B65 /* Sources */ = {
			isa = PBXSourcesBuildPhase;
			buildActionMask = 2147483647;
			files = (
				22662A5E2B9A49AE00869B65 /* ViewController.swift in Sources */,
				22662A5A2B9A49AE00869B65 /* AppDelegate.swift in Sources */,
				22662A5C2B9A49AE00869B65 /* SceneDelegate.swift in Sources */,
			);
			runOnlyForDeploymentPostprocessing = 0;
		};
		22662A682B9A49AF00869B65 /* Sources */ = {
			isa = PBXSourcesBuildPhase;
			buildActionMask = 2147483647;
			files = (
				22662A712B9A49AF00869B65 /* saveToTextFileTests.swift in Sources */,
			);
			runOnlyForDeploymentPostprocessing = 0;
		};
		22662A722B9A49AF00869B65 /* Sources */ = {
			isa = PBXSourcesBuildPhase;
			buildActionMask = 2147483647;
			files = (
				22662A7B2B9A49AF00869B65 /* saveToTextFileUITests.swift in Sources */,
				22662A7D2B9A49AF00869B65 /* saveToTextFileUITestsLaunchTests.swift in Sources */,
			);
			runOnlyForDeploymentPostprocessing = 0;
		};
/* End PBXSourcesBuildPhase section */

/* Begin PBXTargetDependency section */
		22662A6E2B9A49AF00869B65 /* PBXTargetDependency */ = {
			isa = PBXTargetDependency;
			target = 22662A552B9A49AE00869B65 /* saveToTextFile */;
			targetProxy = 22662A6D2B9A49AF00869B65 /* PBXContainerItemProxy */;
		};
		22662A782B9A49AF00869B65 /* PBXTargetDependency */ = {
			isa = PBXTargetDependency;
			target = 22662A552B9A49AE00869B65 /* saveToTextFile */;
			targetProxy = 22662A772B9A49AF00869B65 /* PBXContainerItemProxy */;
		};
/* End PBXTargetDependency section */

/* Begin PBXVariantGroup section */
		22662A5F2B9A49AE00869B65 /* Main.storyboard */ = {
			isa = PBXVariantGroup;
			children = (
				22662A602B9A49AE00869B65 /* Base */,
			);
			name = Main.storyboard;
			sourceTree = "<group>";
		};
		22662A642B9A49AF00869B65 /* LaunchScreen.storyboard */ = {
			isa = PBXVariantGroup;
			children = (
				22662A652B9A49AF00869B65 /* Base */,
			);
			name = LaunchScreen.storyboard;
			sourceTree = "<group>";
		};
/* End PBXVariantGroup section */

/* Begin XCBuildConfiguration section */
		22662A7E2B9A49AF00869B65 /* Debug */ = {
			isa = XCBuildConfiguration;
			buildSettings = {
				ALWAYS_SEARCH_USER_PATHS = NO;
				ASSETCATALOG_COMPILER_GENERATE_SWIFT_ASSET_SYMBOL_EXTENSIONS = YES;
				CLANG_ANALYZER_NONNULL = YES;
				CLANG_ANALYZER_NUMBER_OBJECT_CONVERSION = YES_AGGRESSIVE;
				CLANG_CXX_LANGUAGE_STANDARD = "gnu++20";
				CLANG_ENABLE_MODULES = YES;
				CLANG_ENABLE_OBJC_ARC = YES;
				CLANG_ENABLE_OBJC_WEAK = YES;
				CLANG_WARN_BLOCK_CAPTURE_AUTORELEASING = YES;
				CLANG_WARN_BOOL_CONVERSION = YES;
				CLANG_WARN_COMMA = YES;
				CLANG_WARN_CONSTANT_CONVERSION = YES;
				CLANG_WARN_DEPRECATED_OBJC_IMPLEMENTATIONS = YES;
				CLANG_WARN_DIRECT_OBJC_ISA_USAGE = YES_ERROR;
				CLANG_WARN_DOCUMENTATION_COMMENTS = YES;
				CLANG_WARN_EMPTY_BODY = YES;
				CLANG_WARN_ENUM_CONVERSION = YES;
				CLANG_WARN_INFINITE_RECURSION = YES;
				CLANG_WARN_INT_CONVERSION = YES;
				CLANG_WARN_NON_LITERAL_NULL_CONVERSION = YES;
				CLANG_WARN_OBJC_IMPLICIT_RETAIN_SELF = YES;
				CLANG_WARN_OBJC_LITERAL_CONVERSION = YES;
				CLANG_WARN_OBJC_ROOT_CLASS = YES_ERROR;
				CLANG_WARN_QUOTED_INCLUDE_IN_FRAMEWORK_HEADER = YES;
				CLANG_WARN_RANGE_LOOP_ANALYSIS = YES;
				CLANG_WARN_STRICT_PROTOTYPES = YES;
				CLANG_WARN_SUSPICIOUS_MOVE = YES;
				CLANG_WARN_UNGUARDED_AVAILABILITY = YES_AGGRESSIVE;
				CLANG_WARN_UNREACHABLE_CODE = YES;
				CLANG_WARN__DUPLICATE_METHOD_MATCH = YES;
				COPY_PHASE_STRIP = NO;
				DEBUG_INFORMATION_FORMAT = dwarf;
				ENABLE_STRICT_OBJC_MSGSEND = YES;
				ENABLE_TESTABILITY = YES;
				ENABLE_USER_SCRIPT_SANDBOXING = YES;
				GCC_C_LANGUAGE_STANDARD = gnu17;
				GCC_DYNAMIC_NO_PIC = NO;
				GCC_NO_COMMON_BLOCKS = YES;
				GCC_OPTIMIZATION_LEVEL = 0;
				GCC_PREPROCESSOR_DEFINITIONS = (
					"DEBUG=1",
					"$(inherited)",
				);
				GCC_WARN_64_TO_32_BIT_CONVERSION = YES;
				GCC_WARN_ABOUT_RETURN_TYPE = YES_ERROR;
				GCC_WARN_UNDECLARED_SELECTOR = YES;
				GCC_WARN_UNINITIALIZED_AUTOS = YES_AGGRESSIVE;
				GCC_WARN_UNUSED_FUNCTION = YES;
				GCC_WARN_UNUSED_VARIABLE = YES;
				IPHONEOS_DEPLOYMENT_TARGET = 17.2;
				LOCALIZATION_PREFERS_STRING_CATALOGS = YES;
				MTL_ENABLE_DEBUG_INFO = INCLUDE_SOURCE;
				MTL_FAST_MATH = YES;
				ONLY_ACTIVE_ARCH = YES;
				SDKROOT = iphoneos;
				SWIFT_ACTIVE_COMPILATION_CONDITIONS = "DEBUG $(inherited)";
				SWIFT_OPTIMIZATION_LEVEL = "-Onone";
			};
			name = Debug;
		};
		22662A7F2B9A49AF00869B65 /* Release */ = {
			isa = XCBuildConfiguration;
			buildSettings = {
				ALWAYS_SEARCH_USER_PATHS = NO;
				ASSETCATALOG_COMPILER_GENERATE_SWIFT_ASSET_SYMBOL_EXTENSIONS = YES;
				CLANG_ANALYZER_NONNULL = YES;
				CLANG_ANALYZER_NUMBER_OBJECT_CONVERSION = YES_AGGRESSIVE;
				CLANG_CXX_LANGUAGE_STANDARD = "gnu++20";
				CLANG_ENABLE_MODULES = YES;
				CLANG_ENABLE_OBJC_ARC = YES;
				CLANG_ENABLE_OBJC_WEAK = YES;
				CLANG_WARN_BLOCK_CAPTURE_AUTORELEASING = YES;
				CLANG_WARN_BOOL_CONVERSION = YES;
				CLANG_WARN_COMMA = YES;
				CLANG_WARN_CONSTANT_CONVERSION = YES;
				CLANG_WARN_DEPRECATED_OBJC_IMPLEMENTATIONS = YES;
				CLANG_WARN_DIRECT_OBJC_ISA_USAGE = YES_ERROR;
				CLANG_WARN_DOCUMENTATION_COMMENTS = YES;
				CLANG_WARN_EMPTY_BODY = YES;
				CLANG_WARN_ENUM_CONVERSION = YES;
				CLANG_WARN_INFINITE_RECURSION = YES;
				CLANG_WARN_INT_CONVERSION = YES;
				CLANG_WARN_NON_LITERAL_NULL_CONVERSION = YES;
				CLANG_WARN_OBJC_IMPLICIT_RETAIN_SELF = YES;
				CLANG_WARN_OBJC_LITERAL_CONVERSION = YES;
				CLANG_WARN_OBJC_ROOT_CLASS = YES_ERROR;
				CLANG_WARN_QUOTED_INCLUDE_IN_FRAMEWORK_HEADER = YES;
				CLANG_WARN_RANGE_LOOP_ANALYSIS = YES;
				CLANG_WARN_STRICT_PROTOTYPES = YES;
				CLANG_WARN_SUSPICIOUS_MOVE = YES;
				CLANG_WARN_UNGUARDED_AVAILABILITY = YES_AGGRESSIVE;
				CLANG_WARN_UNREACHABLE_CODE = YES;
				CLANG_WARN__DUPLICATE_METHOD_MATCH = YES;
				COPY_PHASE_STRIP = NO;
				DEBUG_INFORMATION_FORMAT = "dwarf-with-dsym";
				ENABLE_NS_ASSERTIONS = NO;
				ENABLE_STRICT_OBJC_MSGSEND = YES;
				ENABLE_USER_SCRIPT_SANDBOXING = YES;
				GCC_C_LANGUAGE_STANDARD = gnu17;
				GCC_NO_COMMON_BLOCKS = YES;
				GCC_WARN_64_TO_32_BIT_CONVERSION = YES;
				GCC_WARN_ABOUT_RETURN_TYPE = YES_ERROR;
				GCC_WARN_UNDECLARED_SELECTOR = YES;
				GCC_WARN_UNINITIALIZED_AUTOS = YES_AGGRESSIVE;
				GCC_WARN_UNUSED_FUNCTION = YES;
				GCC_WARN_UNUSED_VARIABLE = YES;
				IPHONEOS_DEPLOYMENT_TARGET = 17.2;
				LOCALIZATION_PREFERS_STRING_CATALOGS = YES;
				MTL_ENABLE_DEBUG_INFO = NO;
				MTL_FAST_MATH = YES;
				SDKROOT = iphoneos;
				SWIFT_COMPILATION_MODE = wholemodule;
				VALIDATE_PRODUCT = YES;
			};
			name = Release;
		};
		22662A812B9A49AF00869B65 /* Debug */ = {
			isa = XCBuildConfiguration;
			buildSettings = {
				ASSETCATALOG_COMPILER_APPICON_NAME = AppIcon;
				ASSETCATALOG_COMPILER_GLOBAL_ACCENT_COLOR_NAME = AccentColor;
				CODE_SIGN_STYLE = Automatic;
				CURRENT_PROJECT_VERSION = 1;
				DEVELOPMENT_TEAM = T44788J83Y;
				GENERATE_INFOPLIST_FILE = YES;
				INFOPLIST_FILE = saveToTextFile/Info.plist;
				INFOPLIST_KEY_UIApplicationSupportsIndirectInputEvents = YES;
				INFOPLIST_KEY_UILaunchStoryboardName = LaunchScreen;
				INFOPLIST_KEY_UIMainStoryboardFile = Main;
				INFOPLIST_KEY_UISupportedInterfaceOrientations_iPad = "UIInterfaceOrientationPortrait UIInterfaceOrientationPortraitUpsideDown UIInterfaceOrientationLandscapeLeft UIInterfaceOrientationLandscapeRight";
				INFOPLIST_KEY_UISupportedInterfaceOrientations_iPhone = "UIInterfaceOrientationPortrait UIInterfaceOrientationLandscapeLeft UIInterfaceOrientationLandscapeRight";
				LD_RUNPATH_SEARCH_PATHS = (
					"$(inherited)",
					"@executable_path/Frameworks",
				);
				MARKETING_VERSION = 1.0;
				PRODUCT_BUNDLE_IDENTIFIER = Tabita.saveToTextFile;
				PRODUCT_NAME = "$(TARGET_NAME)";
				SWIFT_EMIT_LOC_STRINGS = YES;
				SWIFT_VERSION = 5.0;
				TARGETED_DEVICE_FAMILY = "1,2";
			};
			name = Debug;
		};
		22662A822B9A49AF00869B65 /* Release */ = {
			isa = XCBuildConfiguration;
			buildSettings = {
				ASSETCATALOG_COMPILER_APPICON_NAME = AppIcon;
				ASSETCATALOG_COMPILER_GLOBAL_ACCENT_COLOR_NAME = AccentColor;
				CODE_SIGN_STYLE = Automatic;
				CURRENT_PROJECT_VERSION = 1;
				DEVELOPMENT_TEAM = T44788J83Y;
				GENERATE_INFOPLIST_FILE = YES;
				INFOPLIST_FILE = saveToTextFile/Info.plist;
				INFOPLIST_KEY_UIApplicationSupportsIndirectInputEvents = YES;
				INFOPLIST_KEY_UILaunchStoryboardName = LaunchScreen;
				INFOPLIST_KEY_UIMainStoryboardFile = Main;
				INFOPLIST_KEY_UISupportedInterfaceOrientations_iPad = "UIInterfaceOrientationPortrait UIInterfaceOrientationPortraitUpsideDown UIInterfaceOrientationLandscapeLeft UIInterfaceOrientationLandscapeRight";
				INFOPLIST_KEY_UISupportedInterfaceOrientations_iPhone = "UIInterfaceOrientationPortrait UIInterfaceOrientationLandscapeLeft UIInterfaceOrientationLandscapeRight";
				LD_RUNPATH_SEARCH_PATHS = (
					"$(inherited)",
					"@executable_path/Frameworks",
				);
				MARKETING_VERSION = 1.0;
				PRODUCT_BUNDLE_IDENTIFIER = Tabita.saveToTextFile;
				PRODUCT_NAME = "$(TARGET_NAME)";
				SWIFT_EMIT_LOC_STRINGS = YES;
				SWIFT_VERSION = 5.0;
				TARGETED_DEVICE_FAMILY = "1,2";
			};
			name = Release;
		};
		22662A842B9A49AF00869B65 /* Debug */ = {
			isa = XCBuildConfiguration;
			buildSettings = {
				ALWAYS_EMBED_SWIFT_STANDARD_LIBRARIES = YES;
				BUNDLE_LOADER = "$(TEST_HOST)";
				CODE_SIGN_STYLE = Automatic;
				CURRENT_PROJECT_VERSION = 1;
				DEVELOPMENT_TEAM = T44788J83Y;
				GENERATE_INFOPLIST_FILE = YES;
				IPHONEOS_DEPLOYMENT_TARGET = 17.2;
				MARKETING_VERSION = 1.0;
				PRODUCT_BUNDLE_IDENTIFIER = Tabita.saveToTextFileTests;
				PRODUCT_NAME = "$(TARGET_NAME)";
				SWIFT_EMIT_LOC_STRINGS = NO;
				SWIFT_VERSION = 5.0;
				TARGETED_DEVICE_FAMILY = "1,2";
				TEST_HOST = "$(BUILT_PRODUCTS_DIR)/saveToTextFile.app/$(BUNDLE_EXECUTABLE_FOLDER_PATH)/saveToTextFile";
			};
			name = Debug;
		};
		22662A852B9A49AF00869B65 /* Release */ = {
			isa = XCBuildConfiguration;
			buildSettings = {
				ALWAYS_EMBED_SWIFT_STANDARD_LIBRARIES = YES;
				BUNDLE_LOADER = "$(TEST_HOST)";
				CODE_SIGN_STYLE = Automatic;
				CURRENT_PROJECT_VERSION = 1;
				DEVELOPMENT_TEAM = T44788J83Y;
				GENERATE_INFOPLIST_FILE = YES;
				IPHONEOS_DEPLOYMENT_TARGET = 17.2;
				MARKETING_VERSION = 1.0;
				PRODUCT_BUNDLE_IDENTIFIER = Tabita.saveToTextFileTests;
				PRODUCT_NAME = "$(TARGET_NAME)";
				SWIFT_EMIT_LOC_STRINGS = NO;
				SWIFT_VERSION = 5.0;
				TARGETED_DEVICE_FAMILY = "1,2";
				TEST_HOST = "$(BUILT_PRODUCTS_DIR)/saveToTextFile.app/$(BUNDLE_EXECUTABLE_FOLDER_PATH)/saveToTextFile";
			};
			name = Release;
		};
		22662A872B9A49AF00869B65 /* Debug */ = {
			isa = XCBuildConfiguration;
			buildSettings = {
				ALWAYS_EMBED_SWIFT_STANDARD_LIBRARIES = YES;
				CODE_SIGN_STYLE = Automatic;
				CURRENT_PROJECT_VERSION = 1;
				DEVELOPMENT_TEAM = T44788J83Y;
				GENERATE_INFOPLIST_FILE = YES;
				MARKETING_VERSION = 1.0;
				PRODUCT_BUNDLE_IDENTIFIER = Tabita.saveToTextFileUITests;
				PRODUCT_NAME = "$(TARGET_NAME)";
				SWIFT_EMIT_LOC_STRINGS = NO;
				SWIFT_VERSION = 5.0;
				TARGETED_DEVICE_FAMILY = "1,2";
				TEST_TARGET_NAME = saveToTextFile;
			};
			name = Debug;
		};
		22662A882B9A49AF00869B65 /* Release */ = {
			isa = XCBuildConfiguration;
			buildSettings = {
				ALWAYS_EMBED_SWIFT_STANDARD_LIBRARIES = YES;
				CODE_SIGN_STYLE = Automatic;
				CURRENT_PROJECT_VERSION = 1;
				DEVELOPMENT_TEAM = T44788J83Y;
				GENERATE_INFOPLIST_FILE = YES;
				MARKETING_VERSION = 1.0;
				PRODUCT_BUNDLE_IDENTIFIER = Tabita.saveToTextFileUITests;
				PRODUCT_NAME = "$(TARGET_NAME)";
				SWIFT_EMIT_LOC_STRINGS = NO;
				SWIFT_VERSION = 5.0;
				TARGETED_DEVICE_FAMILY = "1,2";
				TEST_TARGET_NAME = saveToTextFile;
			};
			name = Release;
		};
/* End XCBuildConfiguration section */

/* Begin XCConfigurationList section */
		22662A512B9A49AE00869B65 /* Build configuration list for PBXProject "saveToTextFile" */ = {
			isa = XCConfigurationList;
			buildConfigurations = (
				22662A7E2B9A49AF00869B65 /* Debug */,
				22662A7F2B9A49AF00869B65 /* Release */,
			);
			defaultConfigurationIsVisible = 0;
			defaultConfigurationName = Release;
		};
		22662A802B9A49AF00869B65 /* Build configuration list for PBXNativeTarget "saveToTextFile" */ = {
			isa = XCConfigurationList;
			buildConfigurations = (
				22662A812B9A49AF00869B65 /* Debug */,
				22662A822B9A49AF00869B65 /* Release */,
			);
			defaultConfigurationIsVisible = 0;
			defaultConfigurationName = Release;
		};
		22662A832B9A49AF00869B65 /* Build configuration list for PBXNativeTarget "saveToTextFileTests" */ = {
			isa = XCConfigurationList;
			buildConfigurations = (
				22662A842B9A49AF00869B65 /* Debug */,
				22662A852B9A49AF00869B65 /* Release */,
			);
			defaultConfigurationIsVisible = 0;
			defaultConfigurationName = Release;
		};
		22662A862B9A49AF00869B65 /* Build configuration list for PBXNativeTarget "saveToTextFileUITests" */ = {
			isa = XCConfigurationList;
			buildConfigurations = (
				22662A872B9A49AF00869B65 /* Debug */,
				22662A882B9A49AF00869B65 /* Release */,
			);
			defaultConfigurationIsVisible = 0;
			defaultConfigurationName = Release;
		};
/* End XCConfigurationList section */
	};
	rootObject = 22662A4E2B9A49AE00869B65 /* Project object */;
}
